
Microsoft Visual Studio Solution File, Format Version 12.00
# Visual Studio Version 17
VisualStudioVersion = 17.0.31903.59
MinimumVisualStudioVersion = 10.0.40219.1
Project("{FAE04EC0-301F-11D3-BF4B-00C04F79EFBC}") = "UI", "UI\UI.csproj", "{696370D9-3D14-407C-B794-0906837B1D3A}"
EndProject
Project("{FAE04EC0-301F-11D3-BF4B-00C04F79EFBC}") = "ApiLib", "ApiLib\ApiLib.csproj", "{D4E86A8E-EE5B-416E-B222-28E9C6E7F7D6}"
EndProject
Project("{2150E333-8FDC-42A3-9474-1A3956D46DE8}") = "Solution Items", "Solution Items", "{66B13AB6-4DF3-4FA0-A468-EB974186BC83}"
	ProjectSection(SolutionItems) = preProject
		.editorconfig = .editorconfig
	EndProjectSection
EndProject
Global
	GlobalSection(SolutionConfigurationPlatforms) = preSolution
		Debug|Any CPU = Debug|Any CPU
		Release|Any CPU = Release|Any CPU
	EndGlobalSection
	GlobalSection(ProjectConfigurationPlatforms) = postSolution
		{696370D9-3D14-407C-B794-0906837B1D3A}.Debug|Any CPU.ActiveCfg = Debug|Any CPU
		{696370D9-3D14-407C-B794-0906837B1D3A}.Debug|Any CPU.Build.0 = Debug|Any CPU
		{696370D9-3D14-407C-B794-0906837B1D3A}.Release|Any CPU.ActiveCfg = Release|Any CPU
		{696370D9-3D14-407C-B794-0906837B1D3A}.Release|Any CPU.Build.0 = Release|Any CPU
		{D4E86A8E-EE5B-416E-B222-28E9C6E7F7D6}.Debug|Any CPU.ActiveCfg = Debug|Any CPU
		{D4E86A8E-EE5B-416E-B222-28E9C6E7F7D6}.Debug|Any CPU.Build.0 = Debug|Any CPU
		{D4E86A8E-EE5B-416E-B222-28E9C6E7F7D6}.Release|Any CPU.ActiveCfg = Release|Any CPU
		{D4E86A8E-EE5B-416E-B222-28E9C6E7F7D6}.Release|Any CPU.Build.0 = Release|Any CPU
	EndGlobalSection
	GlobalSection(SolutionProperties) = preSolution
		HideSolutionNode = FALSE
	EndGlobalSection
	GlobalSection(ExtensibilityGlobals) = postSolution
		SolutionGuid = {457C1FEF-F50C-424B-8B89-0861BEE05DF1}
	EndGlobalSection
EndGlobal
